
Microsoft Visual Studio Solution File, Format Version 12.00
# Visual Studio Version 17
VisualStudioVersion = 17.9.34714.143
MinimumVisualStudioVersion = 10.0.40219.1
Project("{9A19103F-16F7-4668-BE54-9A1E7A4F7556}") = "Drawing", "DrawingLines\Drawing.csproj", "{52B51238-C011-47FE-BB00-933AE7AE9E8E}"
EndProject
Global
	GlobalSection(SolutionConfigurationPlatforms) = preSolution
		Debug|Any CPU = Debug|Any CPU
		Release|Any CPU = Release|Any CPU
	EndGlobalSection
	GlobalSection(ProjectConfigurationPlatforms) = postSolution
		{52B51238-C011-47FE-BB00-933AE7AE9E8E}.Debug|Any CPU.ActiveCfg = Debug|Any CPU
		{52B51238-C011-47FE-BB00-933AE7AE9E8E}.Debug|Any CPU.Build.0 = Debug|Any CPU
		{52B51238-C011-47FE-BB00-933AE7AE9E8E}.Release|Any CPU.ActiveCfg = Release|Any CPU
		{52B51238-C011-47FE-BB00-933AE7AE9E8E}.Release|Any CPU.Build.0 = Release|Any CPU
	EndGlobalSection
	GlobalSection(SolutionProperties) = preSolution
		HideSolutionNode = FALSE
	EndGlobalSection
	GlobalSection(ExtensibilityGlobals) = postSolution
		SolutionGuid = {B3745FF2-AF25-4BF8-A700-B6AF868CD1BD}
	EndGlobalSection
EndGlobal
